
Microsoft Visual Studio Solution File, Format Version 12.00
# Visual Studio Version 17
VisualStudioVersion = 17.0.32112.339
MinimumVisualStudioVersion = 10.0.40219.1
Project("{FAE04EC0-301F-11D3-BF4B-00C04F79EFBC}") = "OracleVMCreating", "OracleVMCreating\OracleVMCreating.csproj", "{605FA9C7-E24F-4FA5-BA5B-FA254C7BF545}"
EndProject
Global
	GlobalSection(SolutionConfigurationPlatforms) = preSolution
		Debug|Any CPU = Debug|Any CPU
		Release|Any CPU = Release|Any CPU
	EndGlobalSection
	GlobalSection(ProjectConfigurationPlatforms) = postSolution
		{605FA9C7-E24F-4FA5-BA5B-FA254C7BF545}.Debug|Any CPU.ActiveCfg = Debug|Any CPU
		{605FA9C7-E24F-4FA5-BA5B-FA254C7BF545}.Debug|Any CPU.Build.0 = Debug|Any CPU
		{605FA9C7-E24F-4FA5-BA5B-FA254C7BF545}.Release|Any CPU.ActiveCfg = Release|Any CPU
		{605FA9C7-E24F-4FA5-BA5B-FA254C7BF545}.Release|Any CPU.Build.0 = Release|Any CPU
	EndGlobalSection
	GlobalSection(SolutionProperties) = preSolution
		HideSolutionNode = FALSE
	EndGlobalSection
	GlobalSection(ExtensibilityGlobals) = postSolution
		SolutionGuid = {AA67915E-7C41-4FE9-8DB7-ECAA18586080}
	EndGlobalSection
EndGlobal
